
Microsoft Visual Studio Solution File, Format Version 12.00
# Visual Studio 15
VisualStudioVersion = 15.0.26124.0
MinimumVisualStudioVersion = 15.0.26124.0
Project("{FAE04EC0-301F-11D3-BF4B-00C04F79EFBC}") = "ProAgil.API", "ProAgil.API\ProAgil.API.csproj", "{BC604736-17BB-4EBD-ABF9-68A2E97FEF3C}"
EndProject
Project("{FAE04EC0-301F-11D3-BF4B-00C04F79EFBC}") = "ProAgil.Domain", "ProAgil.Domain\ProAgil.Domain.csproj", "{ED83B9F5-9C5B-4C3D-B887-77139A243BD3}"
EndProject
Project("{FAE04EC0-301F-11D3-BF4B-00C04F79EFBC}") = "ProAgil.Repository", "ProAgil.Repository\ProAgil.Repository.csproj", "{080EB477-AD97-4C2C-A894-B09EF55D3B7F}"
EndProject
Global
	GlobalSection(SolutionConfigurationPlatforms) = preSolution
		Debug|Any CPU = Debug|Any CPU
		Debug|x64 = Debug|x64
		Debug|x86 = Debug|x86
		Release|Any CPU = Release|Any CPU
		Release|x64 = Release|x64
		Release|x86 = Release|x86
	EndGlobalSection
	GlobalSection(SolutionProperties) = preSolution
		HideSolutionNode = FALSE
	EndGlobalSection
	GlobalSection(ProjectConfigurationPlatforms) = postSolution
		{BC604736-17BB-4EBD-ABF9-68A2E97FEF3C}.Debug|Any CPU.ActiveCfg = Debug|Any CPU
		{BC604736-17BB-4EBD-ABF9-68A2E97FEF3C}.Debug|Any CPU.Build.0 = Debug|Any CPU
		{BC604736-17BB-4EBD-ABF9-68A2E97FEF3C}.Debug|x64.ActiveCfg = Debug|Any CPU
		{BC604736-17BB-4EBD-ABF9-68A2E97FEF3C}.Debug|x64.Build.0 = Debug|Any CPU
		{BC604736-17BB-4EBD-ABF9-68A2E97FEF3C}.Debug|x86.ActiveCfg = Debug|Any CPU
		{BC604736-17BB-4EBD-ABF9-68A2E97FEF3C}.Debug|x86.Build.0 = Debug|Any CPU
		{BC604736-17BB-4EBD-ABF9-68A2E97FEF3C}.Release|Any CPU.ActiveCfg = Release|Any CPU
		{BC604736-17BB-4EBD-ABF9-68A2E97FEF3C}.Release|Any CPU.Build.0 = Release|Any CPU
		{BC604736-17BB-4EBD-ABF9-68A2E97FEF3C}.Release|x64.ActiveCfg = Release|Any CPU
		{BC604736-17BB-4EBD-ABF9-68A2E97FEF3C}.Release|x64.Build.0 = Release|Any CPU
		{BC604736-17BB-4EBD-ABF9-68A2E97FEF3C}.Release|x86.ActiveCfg = Release|Any CPU
		{BC604736-17BB-4EBD-ABF9-68A2E97FEF3C}.Release|x86.Build.0 = Release|Any CPU
		{ED83B9F5-9C5B-4C3D-B887-77139A243BD3}.Debug|Any CPU.ActiveCfg = Debug|Any CPU
		{ED83B9F5-9C5B-4C3D-B887-77139A243BD3}.Debug|Any CPU.Build.0 = Debug|Any CPU
		{ED83B9F5-9C5B-4C3D-B887-77139A243BD3}.Debug|x64.ActiveCfg = Debug|Any CPU
		{ED83B9F5-9C5B-4C3D-B887-77139A243BD3}.Debug|x64.Build.0 = Debug|Any CPU
		{ED83B9F5-9C5B-4C3D-B887-77139A243BD3}.Debug|x86.ActiveCfg = Debug|Any CPU
		{ED83B9F5-9C5B-4C3D-B887-77139A243BD3}.Debug|x86.Build.0 = Debug|Any CPU
		{ED83B9F5-9C5B-4C3D-B887-77139A243BD3}.Release|Any CPU.ActiveCfg = Release|Any CPU
		{ED83B9F5-9C5B-4C3D-B887-77139A243BD3}.Release|Any CPU.Build.0 = Release|Any CPU
		{ED83B9F5-9C5B-4C3D-B887-77139A243BD3}.Release|x64.ActiveCfg = Release|Any CPU
		{ED83B9F5-9C5B-4C3D-B887-77139A243BD3}.Release|x64.Build.0 = Release|Any CPU
		{ED83B9F5-9C5B-4C3D-B887-77139A243BD3}.Release|x86.ActiveCfg = Release|Any CPU
		{ED83B9F5-9C5B-4C3D-B887-77139A243BD3}.Release|x86.Build.0 = Release|Any CPU
		{080EB477-AD97-4C2C-A894-B09EF55D3B7F}.Debug|Any CPU.ActiveCfg = Debug|Any CPU
		{080EB477-AD97-4C2C-A894-B09EF55D3B7F}.Debug|Any CPU.Build.0 = Debug|Any CPU
		{080EB477-AD97-4C2C-A894-B09EF55D3B7F}.Debug|x64.ActiveCfg = Debug|Any CPU
		{080EB477-AD97-4C2C-A894-B09EF55D3B7F}.Debug|x64.Build.0 = Debug|Any CPU
		{080EB477-AD97-4C2C-A894-B09EF55D3B7F}.Debug|x86.ActiveCfg = Debug|Any CPU
		{080EB477-AD97-4C2C-A894-B09EF55D3B7F}.Debug|x86.Build.0 = Debug|Any CPU
		{080EB477-AD97-4C2C-A894-B09EF55D3B7F}.Release|Any CPU.ActiveCfg = Release|Any CPU
		{080EB477-AD97-4C2C-A894-B09EF55D3B7F}.Release|Any CPU.Build.0 = Release|Any CPU
		{080EB477-AD97-4C2C-A894-B09EF55D3B7F}.Release|x64.ActiveCfg = Release|Any CPU
		{080EB477-AD97-4C2C-A894-B09EF55D3B7F}.Release|x64.Build.0 = Release|Any CPU
		{080EB477-AD97-4C2C-A894-B09EF55D3B7F}.Release|x86.ActiveCfg = Release|Any CPU
		{080EB477-AD97-4C2C-A894-B09EF55D3B7F}.Release|x86.Build.0 = Release|Any CPU
	EndGlobalSection
EndGlobal
